// !$*UTF8*$!
{
	archiveVersion = 1;
	classes = {
	};
	objectVersion = 77;
	objects = {

/* Begin PBXContainerItemProxy section */
		BB44C3BE2D5AB95F0012E431 /* PBXContainerItemProxy */ = {
			isa = PBXContainerItemProxy;
			containerPortal = BB44C3A52D5AB95E0012E431 /* Project object */;
			proxyType = 1;
			remoteGlobalIDString = BB44C3AC2D5AB95E0012E431;
			remoteInfo = ComixLee;
		};
		BB44C3C82D5AB95F0012E431 /* PBXContainerItemProxy */ = {
			isa = PBXContainerItemProxy;
			containerPortal = BB44C3A52D5AB95E0012E431 /* Project object */;
			proxyType = 1;
			remoteGlobalIDString = BB44C3AC2D5AB95E0012E431;
			remoteInfo = ComixLee;
		};
/* End PBXContainerItemProxy section */

/* Begin PBXFileReference section */
		BB44C3AD2D5AB95E0012E431 /* ComixLee.app */ = {isa = PBXFileReference; explicitFileType = wrapper.application; includeInIndex = 0; path = ComixLee.app; sourceTree = BUILT_PRODUCTS_DIR; };
		BB44C3BD2D5AB95F0012E431 /* ComixLeeTests.xctest */ = {isa = PBXFileReference; explicitFileType = wrapper.cfbundle; includeInIndex = 0; path = ComixLeeTests.xctest; sourceTree = BUILT_PRODUCTS_DIR; };
		BB44C3C72D5AB95F0012E431 /* ComixLeeUITests.xctest */ = {isa = PBXFileReference; explicitFileType = wrapper.cfbundle; includeInIndex = 0; path = ComixLeeUITests.xctest; sourceTree = BUILT_PRODUCTS_DIR; };
/* End PBXFileReference section */

/* Begin PBXFileSystemSynchronizedRootGroup section */
		BB44C3AF2D5AB95E0012E431 /* ComixLee */ = {
			isa = PBXFileSystemSynchronizedRootGroup;
			path = ComixLee;
			sourceTree = "<group>";
		};
		BB44C3C02D5AB95F0012E431 /* ComixLeeTests */ = {
			isa = PBXFileSystemSynchronizedRootGroup;
			path = ComixLeeTests;
			sourceTree = "<group>";
		};
		BB44C3CA2D5AB95F0012E431 /* ComixLeeUITests */ = {
			isa = PBXFileSystemSynchronizedRootGroup;
			path = ComixLeeUITests;
			sourceTree = "<group>";
		};
/* End PBXFileSystemSynchronizedRootGroup section */

/* Begin PBXFrameworksBuildPhase section */
		BB44C3AA2D5AB95E0012E431 /* Frameworks */ = {
			isa = PBXFrameworksBuildPhase;
			buildActionMask = 2147483647;
			files = (
			);
			runOnlyForDeploymentPostprocessing = 0;
		};
		BB44C3BA2D5AB95F0012E431 /* Frameworks */ = {
			isa = PBXFrameworksBuildPhase;
			buildActionMask = 2147483647;
			files = (
			);
			runOnlyForDeploymentPostprocessing = 0;
		};
		BB44C3C42D5AB95F0012E431 /* Frameworks */ = {
			isa = PBXFrameworksBuildPhase;
			buildActionMask = 2147483647;
			files = (
			);
			runOnlyForDeploymentPostprocessing = 0;
		};
/* End PBXFrameworksBuildPhase section */

/* Begin PBXGroup section */
		BB44C3A42D5AB95E0012E431 = {
			isa = PBXGroup;
			children = (
				BB44C3AF2D5AB95E0012E431 /* ComixLee */,
				BB44C3C02D5AB95F0012E431 /* ComixLeeTests */,
				BB44C3CA2D5AB95F0012E431 /* ComixLeeUITests */,
				BB44C3AE2D5AB95E0012E431 /* Products */,
			);
			sourceTree = "<group>";
		};
		BB44C3AE2D5AB95E0012E431 /* Products */ = {
			isa = PBXGroup;
			children = (
				BB44C3AD2D5AB95E0012E431 /* ComixLee.app */,
				BB44C3BD2D5AB95F0012E431 /* ComixLeeTests.xctest */,
				BB44C3C72D5AB95F0012E431 /* ComixLeeUITests.xctest */,
			);
			name = Products;
			sourceTree = "<group>";
		};
/* End PBXGroup section */

/* Begin PBXNativeTarget section */
		BB44C3AC2D5AB95E0012E431 /* ComixLee */ = {
			isa = PBXNativeTarget;
			buildConfigurationList = BB44C3D12D5AB95F0012E431 /* Build configuration list for PBXNativeTarget "ComixLee" */;
			buildPhases = (
				BB44C3A92D5AB95E0012E431 /* Sources */,
				BB44C3AA2D5AB95E0012E431 /* Frameworks */,
				BB44C3AB2D5AB95E0012E431 /* Resources */,
			);
			buildRules = (
			);
			dependencies = (
			);
			fileSystemSynchronizedGroups = (
				BB44C3AF2D5AB95E0012E431 /* ComixLee */,
			);
			name = ComixLee;
			packageProductDependencies = (
			);
			productName = ComixLee;
			productReference = BB44C3AD2D5AB95E0012E431 /* ComixLee.app */;
			productType = "com.apple.product-type.application";
		};
		BB44C3BC2D5AB95F0012E431 /* ComixLeeTests */ = {
			isa = PBXNativeTarget;
			buildConfigurationList = BB44C3D42D5AB95F0012E431 /* Build configuration list for PBXNativeTarget "ComixLeeTests" */;
			buildPhases = (
				BB44C3B92D5AB95F0012E431 /* Sources */,
				BB44C3BA2D5AB95F0012E431 /* Frameworks */,
				BB44C3BB2D5AB95F0012E431 /* Resources */,
			);
			buildRules = (
			);
			dependencies = (
				BB44C3BF2D5AB95F0012E431 /* PBXTargetDependency */,
			);
			fileSystemSynchronizedGroups = (
				BB44C3C02D5AB95F0012E431 /* ComixLeeTests */,
			);
			name = ComixLeeTests;
			packageProductDependencies = (
			);
			productName = ComixLeeTests;
			productReference = BB44C3BD2D5AB95F0012E431 /* ComixLeeTests.xctest */;
			productType = "com.apple.product-type.bundle.unit-test";
		};
		BB44C3C62D5AB95F0012E431 /* ComixLeeUITests */ = {
			isa = PBXNativeTarget;
			buildConfigurationList = BB44C3D72D5AB95F0012E431 /* Build configuration list for PBXNativeTarget "ComixLeeUITests" */;
			buildPhases = (
				BB44C3C32D5AB95F0012E431 /* Sources */,
				BB44C3C42D5AB95F0012E431 /* Frameworks */,
				BB44C3C52D5AB95F0012E431 /* Resources */,
			);
			buildRules = (
			);
			dependencies = (
				BB44C3C92D5AB95F0012E431 /* PBXTargetDependency */,
			);
			fileSystemSynchronizedGroups = (
				BB44C3CA2D5AB95F0012E431 /* ComixLeeUITests */,
			);
			name = ComixLeeUITests;
			packageProductDependencies = (
			);
			productName = ComixLeeUITests;
			productReference = BB44C3C72D5AB95F0012E431 /* ComixLeeUITests.xctest */;
			productType = "com.apple.product-type.bundle.ui-testing";
		};
/* End PBXNativeTarget section */

/* Begin PBXProject section */
		BB44C3A52D5AB95E0012E431 /* Project object */ = {
			isa = PBXProject;
			attributes = {
				BuildIndependentTargetsInParallel = 1;
				LastSwiftUpdateCheck = 1620;
				LastUpgradeCheck = 1620;
				TargetAttributes = {
					BB44C3AC2D5AB95E0012E431 = {
						CreatedOnToolsVersion = 16.2;
					};
					BB44C3BC2D5AB95F0012E431 = {
						CreatedOnToolsVersion = 16.2;
						TestTargetID = BB44C3AC2D5AB95E0012E431;
					};
					BB44C3C62D5AB95F0012E431 = {
						CreatedOnToolsVersion = 16.2;
						TestTargetID = BB44C3AC2D5AB95E0012E431;
					};
				};
			};
			buildConfigurationList = BB44C3A82D5AB95E0012E431 /* Build configuration list for PBXProject "ComixLee" */;
			developmentRegion = en;
			hasScannedForEncodings = 0;
			knownRegions = (
				en,
				Base,
			);
			mainGroup = BB44C3A42D5AB95E0012E431;
			minimizedProjectReferenceProxies = 1;
			preferredProjectObjectVersion = 77;
			productRefGroup = BB44C3AE2D5AB95E0012E431 /* Products */;
			projectDirPath = "";
			projectRoot = "";
			targets = (
				BB44C3AC2D5AB95E0012E431 /* ComixLee */,
				BB44C3BC2D5AB95F0012E431 /* ComixLeeTests */,
				BB44C3C62D5AB95F0012E431 /* ComixLeeUITests */,
			);
		};
/* End PBXProject section */

/* Begin PBXResourcesBuildPhase section */
		BB44C3AB2D5AB95E0012E431 /* Resources */ = {
			isa = PBXResourcesBuildPhase;
			buildActionMask = 2147483647;
			files = (
			);
			runOnlyForDeploymentPostprocessing = 0;
		};
		BB44C3BB2D5AB95F0012E431 /* Resources */ = {
			isa = PBXResourcesBuildPhase;
			buildActionMask = 2147483647;
			files = (
			);
			runOnlyForDeploymentPostprocessing = 0;
		};
		BB44C3C52D5AB95F0012E431 /* Resources */ = {
			isa = PBXResourcesBuildPhase;
			buildActionMask = 2147483647;
			files = (
			);
			runOnlyForDeploymentPostprocessing = 0;
		};
/* End PBXResourcesBuildPhase section */

/* Begin PBXSourcesBuildPhase section */
		BB44C3A92D5AB95E0012E431 /* Sources */ = {
			isa = PBXSourcesBuildPhase;
			buildActionMask = 2147483647;
			files = (
			);
			runOnlyForDeploymentPostprocessing = 0;
		};
		BB44C3B92D5AB95F0012E431 /* Sources */ = {
			isa = PBXSourcesBuildPhase;
			buildActionMask = 2147483647;
			files = (
			);
			runOnlyForDeploymentPostprocessing = 0;
		};
		BB44C3C32D5AB95F0012E431 /* Sources */ = {
			isa = PBXSourcesBuildPhase;
			buildActionMask = 2147483647;
			files = (
			);
			runOnlyForDeploymentPostprocessing = 0;
		};
/* End PBXSourcesBuildPhase section */

/* Begin PBXTargetDependency section */
		BB44C3BF2D5AB95F0012E431 /* PBXTargetDependency */ = {
			isa = PBXTargetDependency;
			target = BB44C3AC2D5AB95E0012E431 /* ComixLee */;
			targetProxy = BB44C3BE2D5AB95F0012E431 /* PBXContainerItemProxy */;
		};
		BB44C3C92D5AB95F0012E431 /* PBXTargetDependency */ = {
			isa = PBXTargetDependency;
			target = BB44C3AC2D5AB95E0012E431 /* ComixLee */;
			targetProxy = BB44C3C82D5AB95F0012E431 /* PBXContainerItemProxy */;
		};
/* End PBXTargetDependency section */

/* Begin XCBuildConfiguration section */
		BB44C3CF2D5AB95F0012E431 /* Debug */ = {
			isa = XCBuildConfiguration;
			buildSettings = {
				ALWAYS_SEARCH_USER_PATHS = NO;
				ASSETCATALOG_COMPILER_GENERATE_SWIFT_ASSET_SYMBOL_EXTENSIONS = YES;
				CLANG_ANALYZER_NONNULL = YES;
				CLANG_ANALYZER_NUMBER_OBJECT_CONVERSION = YES_AGGRESSIVE;
				CLANG_CXX_LANGUAGE_STANDARD = "gnu++20";
				CLANG_ENABLE_MODULES = YES;
				CLANG_ENABLE_OBJC_ARC = YES;
				CLANG_ENABLE_OBJC_WEAK = YES;
				CLANG_WARN_BLOCK_CAPTURE_AUTORELEASING = YES;
				CLANG_WARN_BOOL_CONVERSION = YES;
				CLANG_WARN_COMMA = YES;
				CLANG_WARN_CONSTANT_CONVERSION = YES;
				CLANG_WARN_DEPRECATED_OBJC_IMPLEMENTATIONS = YES;
				CLANG_WARN_DIRECT_OBJC_ISA_USAGE = YES_ERROR;
				CLANG_WARN_DOCUMENTATION_COMMENTS = YES;
				CLANG_WARN_EMPTY_BODY = YES;
				CLANG_WARN_ENUM_CONVERSION = YES;
				CLANG_WARN_INFINITE_RECURSION = YES;
				CLANG_WARN_INT_CONVERSION = YES;
				CLANG_WARN_NON_LITERAL_NULL_CONVERSION = YES;
				CLANG_WARN_OBJC_IMPLICIT_RETAIN_SELF = YES;
				CLANG_WARN_OBJC_LITERAL_CONVERSION = YES;
				CLANG_WARN_OBJC_ROOT_CLASS = YES_ERROR;
				CLANG_WARN_QUOTED_INCLUDE_IN_FRAMEWORK_HEADER = YES;
				CLANG_WARN_RANGE_LOOP_ANALYSIS = YES;
				CLANG_WARN_STRICT_PROTOTYPES = YES;
				CLANG_WARN_SUSPICIOUS_MOVE = YES;
				CLANG_WARN_UNGUARDED_AVAILABILITY = YES_AGGRESSIVE;
				CLANG_WARN_UNREACHABLE_CODE = YES;
				CLANG_WARN__DUPLICATE_METHOD_MATCH = YES;
				COPY_PHASE_STRIP = NO;
				DEBUG_INFORMATION_FORMAT = dwarf;
				ENABLE_STRICT_OBJC_MSGSEND = YES;
				ENABLE_TESTABILITY = YES;
				ENABLE_USER_SCRIPT_SANDBOXING = YES;
				GCC_C_LANGUAGE_STANDARD = gnu17;
				GCC_DYNAMIC_NO_PIC = NO;
				GCC_NO_COMMON_BLOCKS = YES;
				GCC_OPTIMIZATION_LEVEL = 0;
				GCC_PREPROCESSOR_DEFINITIONS = (
					"DEBUG=1",
					"$(inherited)",
				);
				GCC_WARN_64_TO_32_BIT_CONVERSION = YES;
				GCC_WARN_ABOUT_RETURN_TYPE = YES_ERROR;
				GCC_WARN_UNDECLARED_SELECTOR = YES;
				GCC_WARN_UNINITIALIZED_AUTOS = YES_AGGRESSIVE;
				GCC_WARN_UNUSED_FUNCTION = YES;
				GCC_WARN_UNUSED_VARIABLE = YES;
				IPHONEOS_DEPLOYMENT_TARGET = 18.2;
				LOCALIZATION_PREFERS_STRING_CATALOGS = YES;
				MTL_ENABLE_DEBUG_INFO = INCLUDE_SOURCE;
				MTL_FAST_MATH = YES;
				ONLY_ACTIVE_ARCH = YES;
				SDKROOT = iphoneos;
				SWIFT_ACTIVE_COMPILATION_CONDITIONS = "DEBUG $(inherited)";
				SWIFT_OPTIMIZATION_LEVEL = "-Onone";
			};
			name = Debug;
		};
		BB44C3D02D5AB95F0012E431 /* Release */ = {
			isa = XCBuildConfiguration;
			buildSettings = {
				ALWAYS_SEARCH_USER_PATHS = NO;
				ASSETCATALOG_COMPILER_GENERATE_SWIFT_ASSET_SYMBOL_EXTENSIONS = YES;
				CLANG_ANALYZER_NONNULL = YES;
				CLANG_ANALYZER_NUMBER_OBJECT_CONVERSION = YES_AGGRESSIVE;
				CLANG_CXX_LANGUAGE_STANDARD = "gnu++20";
				CLANG_ENABLE_MODULES = YES;
				CLANG_ENABLE_OBJC_ARC = YES;
				CLANG_ENABLE_OBJC_WEAK = YES;
				CLANG_WARN_BLOCK_CAPTURE_AUTORELEASING = YES;
				CLANG_WARN_BOOL_CONVERSION = YES;
				CLANG_WARN_COMMA = YES;
				CLANG_WARN_CONSTANT_CONVERSION = YES;
				CLANG_WARN_DEPRECATED_OBJC_IMPLEMENTATIONS = YES;
				CLANG_WARN_DIRECT_OBJC_ISA_USAGE = YES_ERROR;
				CLANG_WARN_DOCUMENTATION_COMMENTS = YES;
				CLANG_WARN_EMPTY_BODY = YES;
				CLANG_WARN_ENUM_CONVERSION = YES;
				CLANG_WARN_INFINITE_RECURSION = YES;
				CLANG_WARN_INT_CONVERSION = YES;
				CLANG_WARN_NON_LITERAL_NULL_CONVERSION = YES;
				CLANG_WARN_OBJC_IMPLICIT_RETAIN_SELF = YES;
				CLANG_WARN_OBJC_LITERAL_CONVERSION = YES;
				CLANG_WARN_OBJC_ROOT_CLASS = YES_ERROR;
				CLANG_WARN_QUOTED_INCLUDE_IN_FRAMEWORK_HEADER = YES;
				CLANG_WARN_RANGE_LOOP_ANALYSIS = YES;
				CLANG_WARN_STRICT_PROTOTYPES = YES;
				CLANG_WARN_SUSPICIOUS_MOVE = YES;
				CLANG_WARN_UNGUARDED_AVAILABILITY = YES_AGGRESSIVE;
				CLANG_WARN_UNREACHABLE_CODE = YES;
				CLANG_WARN__DUPLICATE_METHOD_MATCH = YES;
				COPY_PHASE_STRIP = NO;
				DEBUG_INFORMATION_FORMAT = "dwarf-with-dsym";
				ENABLE_NS_ASSERTIONS = NO;
				ENABLE_STRICT_OBJC_MSGSEND = YES;
				ENABLE_USER_SCRIPT_SANDBOXING = YES;
				GCC_C_LANGUAGE_STANDARD = gnu17;
				GCC_NO_COMMON_BLOCKS = YES;
				GCC_WARN_64_TO_32_BIT_CONVERSION = YES;
				GCC_WARN_ABOUT_RETURN_TYPE = YES_ERROR;
				GCC_WARN_UNDECLARED_SELECTOR = YES;
				GCC_WARN_UNINITIALIZED_AUTOS = YES_AGGRESSIVE;
				GCC_WARN_UNUSED_FUNCTION = YES;
				GCC_WARN_UNUSED_VARIABLE = YES;
				IPHONEOS_DEPLOYMENT_TARGET = 18.2;
				LOCALIZATION_PREFERS_STRING_CATALOGS = YES;
				MTL_ENABLE_DEBUG_INFO = NO;
				MTL_FAST_MATH = YES;
				SDKROOT = iphoneos;
				SWIFT_COMPILATION_MODE = wholemodule;
				VALIDATE_PRODUCT = YES;
			};
			name = Release;
		};
		BB44C3D22D5AB95F0012E431 /* Debug */ = {
			isa = XCBuildConfiguration;
			buildSettings = {
				ASSETCATALOG_COMPILER_APPICON_NAME = AppIcon;
				ASSETCATALOG_COMPILER_GLOBAL_ACCENT_COLOR_NAME = AccentColor;
				CODE_SIGN_STYLE = Automatic;
				CURRENT_PROJECT_VERSION = 1;
				DEVELOPMENT_ASSET_PATHS = "\"ComixLee/Preview Content\"";
				DEVELOPMENT_TEAM = N925VK36R7;
				ENABLE_PREVIEWS = YES;
				GENERATE_INFOPLIST_FILE = YES;
				INFOPLIST_KEY_UIApplicationSceneManifest_Generation = YES;
				INFOPLIST_KEY_UIApplicationSupportsIndirectInputEvents = YES;
				INFOPLIST_KEY_UILaunchScreen_Generation = YES;
				INFOPLIST_KEY_UISupportedInterfaceOrientations_iPad = "UIInterfaceOrientationPortrait UIInterfaceOrientationPortraitUpsideDown UIInterfaceOrientationLandscapeLeft UIInterfaceOrientationLandscapeRight";
				INFOPLIST_KEY_UISupportedInterfaceOrientations_iPhone = "UIInterfaceOrientationPortrait UIInterfaceOrientationLandscapeLeft UIInterfaceOrientationLandscapeRight";
				LD_RUNPATH_SEARCH_PATHS = (
					"$(inherited)",
					"@executable_path/Frameworks",
				);
				MARKETING_VERSION = 1.0;
				PRODUCT_BUNDLE_IDENTIFIER = Tebs.ComixLee;
				PRODUCT_NAME = "$(TARGET_NAME)";
				SWIFT_EMIT_LOC_STRINGS = YES;
				SWIFT_VERSION = 5.0;
				TARGETED_DEVICE_FAMILY = "1,2";
			};
			name = Debug;
		};
		BB44C3D32D5AB95F0012E431 /* Release */ = {
			isa = XCBuildConfiguration;
			buildSettings = {
				ASSETCATALOG_COMPILER_APPICON_NAME = AppIcon;
				ASSETCATALOG_COMPILER_GLOBAL_ACCENT_COLOR_NAME = AccentColor;
				CODE_SIGN_STYLE = Automatic;
				CURRENT_PROJECT_VERSION = 1;
				DEVELOPMENT_ASSET_PATHS = "\"ComixLee/Preview Content\"";
				DEVELOPMENT_TEAM = N925VK36R7;
				ENABLE_PREVIEWS = YES;
				GENERATE_INFOPLIST_FILE = YES;
				INFOPLIST_KEY_UIApplicationSceneManifest_Generation = YES;
				INFOPLIST_KEY_UIApplicationSupportsIndirectInputEvents = YES;
				INFOPLIST_KEY_UILaunchScreen_Generation = YES;
				INFOPLIST_KEY_UISupportedInterfaceOrientations_iPad = "UIInterfaceOrientationPortrait UIInterfaceOrientationPortraitUpsideDown UIInterfaceOrientationLandscapeLeft UIInterfaceOrientationLandscapeRight";
				INFOPLIST_KEY_UISupportedInterfaceOrientations_iPhone = "UIInterfaceOrientationPortrait UIInterfaceOrientationLandscapeLeft UIInterfaceOrientationLandscapeRight";
				LD_RUNPATH_SEARCH_PATHS = (
					"$(inherited)",
					"@executable_path/Frameworks",
				);
				MARKETING_VERSION = 1.0;
				PRODUCT_BUNDLE_IDENTIFIER = Tebs.ComixLee;
				PRODUCT_NAME = "$(TARGET_NAME)";
				SWIFT_EMIT_LOC_STRINGS = YES;
				SWIFT_VERSION = 5.0;
				TARGETED_DEVICE_FAMILY = "1,2";
			};
			name = Release;
		};
		BB44C3D52D5AB95F0012E431 /* Debug */ = {
			isa = XCBuildConfiguration;
			buildSettings = {
				BUNDLE_LOADER = "$(TEST_HOST)";
				CODE_SIGN_STYLE = Automatic;
				CURRENT_PROJECT_VERSION = 1;
				DEVELOPMENT_TEAM = N925VK36R7;
				GENERATE_INFOPLIST_FILE = YES;
				IPHONEOS_DEPLOYMENT_TARGET = 18.2;
				MARKETING_VERSION = 1.0;
				PRODUCT_BUNDLE_IDENTIFIER = Tebs.ComixLeeTests;
				PRODUCT_NAME = "$(TARGET_NAME)";
				SWIFT_EMIT_LOC_STRINGS = NO;
				SWIFT_VERSION = 5.0;
				TARGETED_DEVICE_FAMILY = "1,2";
				TEST_HOST = "$(BUILT_PRODUCTS_DIR)/ComixLee.app/$(BUNDLE_EXECUTABLE_FOLDER_PATH)/ComixLee";
			};
			name = Debug;
		};
		BB44C3D62D5AB95F0012E431 /* Release */ = {
			isa = XCBuildConfiguration;
			buildSettings = {
				BUNDLE_LOADER = "$(TEST_HOST)";
				CODE_SIGN_STYLE = Automatic;
				CURRENT_PROJECT_VERSION = 1;
				DEVELOPMENT_TEAM = N925VK36R7;
				GENERATE_INFOPLIST_FILE = YES;
				IPHONEOS_DEPLOYMENT_TARGET = 18.2;
				MARKETING_VERSION = 1.0;
				PRODUCT_BUNDLE_IDENTIFIER = Tebs.ComixLeeTests;
				PRODUCT_NAME = "$(TARGET_NAME)";
				SWIFT_EMIT_LOC_STRINGS = NO;
				SWIFT_VERSION = 5.0;
				TARGETED_DEVICE_FAMILY = "1,2";
				TEST_HOST = "$(BUILT_PRODUCTS_DIR)/ComixLee.app/$(BUNDLE_EXECUTABLE_FOLDER_PATH)/ComixLee";
			};
			name = Release;
		};
		BB44C3D82D5AB95F0012E431 /* Debug */ = {
			isa = XCBuildConfiguration;
			buildSettings = {
				CODE_SIGN_STYLE = Automatic;
				CURRENT_PROJECT_VERSION = 1;
				DEVELOPMENT_TEAM = N925VK36R7;
				GENERATE_INFOPLIST_FILE = YES;
				MARKETING_VERSION = 1.0;
				PRODUCT_BUNDLE_IDENTIFIER = Tebs.ComixLeeUITests;
				PRODUCT_NAME = "$(TARGET_NAME)";
				SWIFT_EMIT_LOC_STRINGS = NO;
				SWIFT_VERSION = 5.0;
				TARGETED_DEVICE_FAMILY = "1,2";
				TEST_TARGET_NAME = ComixLee;
			};
			name = Debug;
		};
		BB44C3D92D5AB95F0012E431 /* Release */ = {
			isa = XCBuildConfiguration;
			buildSettings = {
				CODE_SIGN_STYLE = Automatic;
				CURRENT_PROJECT_VERSION = 1;
				DEVELOPMENT_TEAM = N925VK36R7;
				GENERATE_INFOPLIST_FILE = YES;
				MARKETING_VERSION = 1.0;
				PRODUCT_BUNDLE_IDENTIFIER = Tebs.ComixLeeUITests;
				PRODUCT_NAME = "$(TARGET_NAME)";
				SWIFT_EMIT_LOC_STRINGS = NO;
				SWIFT_VERSION = 5.0;
				TARGETED_DEVICE_FAMILY = "1,2";
				TEST_TARGET_NAME = ComixLee;
			};
			name = Release;
		};
/* End XCBuildConfiguration section */

/* Begin XCConfigurationList section */
		BB44C3A82D5AB95E0012E431 /* Build configuration list for PBXProject "ComixLee" */ = {
			isa = XCConfigurationList;
			buildConfigurations = (
				BB44C3CF2D5AB95F0012E431 /* Debug */,
				BB44C3D02D5AB95F0012E431 /* Release */,
			);
			defaultConfigurationIsVisible = 0;
			defaultConfigurationName = Release;
		};
		BB44C3D12D5AB95F0012E431 /* Build configuration list for PBXNativeTarget "ComixLee" */ = {
			isa = XCConfigurationList;
			buildConfigurations = (
				BB44C3D22D5AB95F0012E431 /* Debug */,
				BB44C3D32D5AB95F0012E431 /* Release */,
			);
			defaultConfigurationIsVisible = 0;
			defaultConfigurationName = Release;
		};
		BB44C3D42D5AB95F0012E431 /* Build configuration list for PBXNativeTarget "ComixLeeTests" */ = {
			isa = XCConfigurationList;
			buildConfigurations = (
				BB44C3D52D5AB95F0012E431 /* Debug */,
				BB44C3D62D5AB95F0012E431 /* Release */,
			);
			defaultConfigurationIsVisible = 0;
			defaultConfigurationName = Release;
		};
		BB44C3D72D5AB95F0012E431 /* Build configuration list for PBXNativeTarget "ComixLeeUITests" */ = {
			isa = XCConfigurationList;
			buildConfigurations = (
				BB44C3D82D5AB95F0012E431 /* Debug */,
				BB44C3D92D5AB95F0012E431 /* Release */,
			);
			defaultConfigurationIsVisible = 0;
			defaultConfigurationName = Release;
		};
/* End XCConfigurationList section */
	};
	rootObject = BB44C3A52D5AB95E0012E431 /* Project object */;
}
