// !$*UTF8*$!
{
	archiveVersion = 1;
	classes = {
	};
	objectVersion = 56;
	objects = {

/* Begin PBXBuildFile section */
		BB5FC50528F879AD00A79136 /* LoopingPlayer.swift in Sources */ = {isa = PBXBuildFile; fileRef = BB5FC50428F879AD00A79136 /* LoopingPlayer.swift */; };
		BB79A50128DB83BA00A08ECE /* ComixLeeApp.swift in Sources */ = {isa = PBXBuildFile; fileRef = BB79A50028DB83BA00A08ECE /* ComixLeeApp.swift */; };
		BB79A50328DB83BA00A08ECE /* ContentView.swift in Sources */ = {isa = PBXBuildFile; fileRef = BB79A50228DB83BA00A08ECE /* ContentView.swift */; };
		BB79A50528DB83BF00A08ECE /* Assets.xcassets in Resources */ = {isa = PBXBuildFile; fileRef = BB79A50428DB83BF00A08ECE /* Assets.xcassets */; };
		BB79A50828DB83BF00A08ECE /* Preview Assets.xcassets in Resources */ = {isa = PBXBuildFile; fileRef = BB79A50728DB83BF00A08ECE /* Preview Assets.xcassets */; };
		BBC915CF28F7F0EE00510CCA /* SettingsView.swift in Sources */ = {isa = PBXBuildFile; fileRef = BBC915CE28F7F0EE00510CCA /* SettingsView.swift */; };
		BBE1557728F10F8B008A83C7 /* Character.swift in Sources */ = {isa = PBXBuildFile; fileRef = BBE1557628F10F8B008A83C7 /* Character.swift */; };
		BBEDFE4928EE6D0E0001B2B0 /* SplashScreenView.swift in Sources */ = {isa = PBXBuildFile; fileRef = BBEDFE4828EE6D0E0001B2B0 /* SplashScreenView.swift */; };
		BBFD9ECA28EE83D800B6D830 /* SDWebImageSwiftUI in Frameworks */ = {isa = PBXBuildFile; productRef = BBFD9EC928EE83D800B6D830 /* SDWebImageSwiftUI */; };
		BBFD9ECF28EEAAFD00B6D830 /* Credentials.swift in Sources */ = {isa = PBXBuildFile; fileRef = BBFD9ECE28EEAAFD00B6D830 /* Credentials.swift */; };
		BBFD9ED328EEAC3400B6D830 /* Home.swift in Sources */ = {isa = PBXBuildFile; fileRef = BBFD9ED228EEAC3400B6D830 /* Home.swift */; };
		BBFD9ED528EEAE8E00B6D830 /* HomeViewModel.swift in Sources */ = {isa = PBXBuildFile; fileRef = BBFD9ED428EEAE8E00B6D830 /* HomeViewModel.swift */; };
		BBFD9ED728EEB0D300B6D830 /* CharactersView.swift in Sources */ = {isa = PBXBuildFile; fileRef = BBFD9ED628EEB0D300B6D830 /* CharactersView.swift */; };
		BBFF862628F6542300584E28 /* SettingsModeSwitchView.swift in Sources */ = {isa = PBXBuildFile; fileRef = BBFF862528F6542300584E28 /* SettingsModeSwitchView.swift */; };
		BBFF862828F6891400584E28 /* Miles.mp4 in Resources */ = {isa = PBXBuildFile; fileRef = BBFF862728F6891400584E28 /* Miles.mp4 */; };
/* End PBXBuildFile section */

/* Begin PBXFileReference section */
		BB5FC50428F879AD00A79136 /* LoopingPlayer.swift */ = {isa = PBXFileReference; lastKnownFileType = sourcecode.swift; path = LoopingPlayer.swift; sourceTree = "<group>"; };
		BB79A4FD28DB83B900A08ECE /* ComixLee.app */ = {isa = PBXFileReference; explicitFileType = wrapper.application; includeInIndex = 0; path = ComixLee.app; sourceTree = BUILT_PRODUCTS_DIR; };
		BB79A50028DB83BA00A08ECE /* ComixLeeApp.swift */ = {isa = PBXFileReference; lastKnownFileType = sourcecode.swift; path = ComixLeeApp.swift; sourceTree = "<group>"; };
		BB79A50228DB83BA00A08ECE /* ContentView.swift */ = {isa = PBXFileReference; lastKnownFileType = sourcecode.swift; path = ContentView.swift; sourceTree = "<group>"; };
		BB79A50428DB83BF00A08ECE /* Assets.xcassets */ = {isa = PBXFileReference; lastKnownFileType = folder.assetcatalog; path = Assets.xcassets; sourceTree = "<group>"; };
		BB79A50728DB83BF00A08ECE /* Preview Assets.xcassets */ = {isa = PBXFileReference; lastKnownFileType = folder.assetcatalog; path = "Preview Assets.xcassets"; sourceTree = "<group>"; };
		BBC915CE28F7F0EE00510CCA /* SettingsView.swift */ = {isa = PBXFileReference; lastKnownFileType = sourcecode.swift; path = SettingsView.swift; sourceTree = "<group>"; };
		BBE1557628F10F8B008A83C7 /* Character.swift */ = {isa = PBXFileReference; lastKnownFileType = sourcecode.swift; path = Character.swift; sourceTree = "<group>"; };
		BBEDFE4828EE6D0E0001B2B0 /* SplashScreenView.swift */ = {isa = PBXFileReference; lastKnownFileType = sourcecode.swift; path = SplashScreenView.swift; sourceTree = "<group>"; };
		BBFD9ECE28EEAAFD00B6D830 /* Credentials.swift */ = {isa = PBXFileReference; lastKnownFileType = sourcecode.swift; path = Credentials.swift; sourceTree = "<group>"; };
		BBFD9ED228EEAC3400B6D830 /* Home.swift */ = {isa = PBXFileReference; lastKnownFileType = sourcecode.swift; path = Home.swift; sourceTree = "<group>"; };
		BBFD9ED428EEAE8E00B6D830 /* HomeViewModel.swift */ = {isa = PBXFileReference; lastKnownFileType = sourcecode.swift; path = HomeViewModel.swift; sourceTree = "<group>"; };
		BBFD9ED628EEB0D300B6D830 /* CharactersView.swift */ = {isa = PBXFileReference; lastKnownFileType = sourcecode.swift; path = CharactersView.swift; sourceTree = "<group>"; };
		BBFF862528F6542300584E28 /* SettingsModeSwitchView.swift */ = {isa = PBXFileReference; lastKnownFileType = sourcecode.swift; path = SettingsModeSwitchView.swift; sourceTree = "<group>"; };
		BBFF862728F6891400584E28 /* Miles.mp4 */ = {isa = PBXFileReference; lastKnownFileType = file; path = Miles.mp4; sourceTree = "<group>"; };
/* End PBXFileReference section */

/* Begin PBXFrameworksBuildPhase section */
		BB79A4FA28DB83B900A08ECE /* Frameworks */ = {
			isa = PBXFrameworksBuildPhase;
			buildActionMask = 2147483647;
			files = (
				BBFD9ECA28EE83D800B6D830 /* SDWebImageSwiftUI in Frameworks */,
			);
			runOnlyForDeploymentPostprocessing = 0;
		};
/* End PBXFrameworksBuildPhase section */

/* Begin PBXGroup section */
		BB0402B628EE53FA006D1983 /* Frameworks */ = {
			isa = PBXGroup;
			children = (
			);
			name = Frameworks;
			sourceTree = "<group>";
		};
		BB5FC50328F8794600A79136 /* Assets */ = {
			isa = PBXGroup;
			children = (
				BBFF862728F6891400584E28 /* Miles.mp4 */,
			);
			path = Assets;
			sourceTree = "<group>";
		};
		BB79A4F428DB83B900A08ECE = {
			isa = PBXGroup;
			children = (
				BB5FC50328F8794600A79136 /* Assets */,
				BBFD9ED128EEABE500B6D830 /* Model */,
				BBFD9ED028EEABD900B6D830 /* ViewModel */,
				BBFD9ECB28EEAA9F00B6D830 /* API Credentials  */,
				BB79A4FF28DB83BA00A08ECE /* Views */,
				BB79A4FE28DB83B900A08ECE /* Products */,
				BB0402B628EE53FA006D1983 /* Frameworks */,
			);
			sourceTree = "<group>";
		};
		BB79A4FE28DB83B900A08ECE /* Products */ = {
			isa = PBXGroup;
			children = (
				BB79A4FD28DB83B900A08ECE /* ComixLee.app */,
			);
			name = Products;
			sourceTree = "<group>";
		};
		BB79A4FF28DB83BA00A08ECE /* Views */ = {
			isa = PBXGroup;
			children = (
				BBFF862528F6542300584E28 /* SettingsModeSwitchView.swift */,
				BBFD9ED628EEB0D300B6D830 /* CharactersView.swift */,
				BBFD9ED228EEAC3400B6D830 /* Home.swift */,
				BBEDFE4A28EE6D910001B2B0 /* Splash */,
				BB79A50028DB83BA00A08ECE /* ComixLeeApp.swift */,
				BB79A50228DB83BA00A08ECE /* ContentView.swift */,
				BB79A50428DB83BF00A08ECE /* Assets.xcassets */,
				BB79A50628DB83BF00A08ECE /* Preview Content */,
			);
			path = Views;
			sourceTree = "<group>";
		};
		BB79A50628DB83BF00A08ECE /* Preview Content */ = {
			isa = PBXGroup;
			children = (
				BB79A50728DB83BF00A08ECE /* Preview Assets.xcassets */,
			);
			path = "Preview Content";
			sourceTree = "<group>";
		};
		BBEDFE4A28EE6D910001B2B0 /* Splash */ = {
			isa = PBXGroup;
			children = (
				BBEDFE4828EE6D0E0001B2B0 /* SplashScreenView.swift */,
				BB5FC50428F879AD00A79136 /* LoopingPlayer.swift */,
			);
			path = Splash;
			sourceTree = "<group>";
		};
		BBFD9ECB28EEAA9F00B6D830 /* API Credentials  */ = {
			isa = PBXGroup;
			children = (
				BBFD9ECE28EEAAFD00B6D830 /* Credentials.swift */,
			);
			path = "API Credentials ";
			sourceTree = "<group>";
		};
		BBFD9ED028EEABD900B6D830 /* ViewModel */ = {
			isa = PBXGroup;
			children = (
				BBFD9ED428EEAE8E00B6D830 /* HomeViewModel.swift */,
				BBC915CE28F7F0EE00510CCA /* SettingsView.swift */,
			);
			path = ViewModel;
			sourceTree = "<group>";
		};
		BBFD9ED128EEABE500B6D830 /* Model */ = {
			isa = PBXGroup;
			children = (
				BBE1557628F10F8B008A83C7 /* Character.swift */,
			);
			path = Model;
			sourceTree = "<group>";
		};
/* End PBXGroup section */

/* Begin PBXNativeTarget section */
		BB79A4FC28DB83B900A08ECE /* ComixLee */ = {
			isa = PBXNativeTarget;
			buildConfigurationList = BB79A50B28DB83BF00A08ECE /* Build configuration list for PBXNativeTarget "ComixLee" */;
			buildPhases = (
				BB79A4F928DB83B900A08ECE /* Sources */,
				BB79A4FA28DB83B900A08ECE /* Frameworks */,
				BB79A4FB28DB83B900A08ECE /* Resources */,
			);
			buildRules = (
			);
			dependencies = (
			);
			name = ComixLee;
			packageProductDependencies = (
				BBFD9EC928EE83D800B6D830 /* SDWebImageSwiftUI */,
			);
			productName = ComixLee;
			productReference = BB79A4FD28DB83B900A08ECE /* ComixLee.app */;
			productType = "com.apple.product-type.application";
		};
/* End PBXNativeTarget section */

/* Begin PBXProject section */
		BB79A4F528DB83B900A08ECE /* Project object */ = {
			isa = PBXProject;
			attributes = {
				BuildIndependentTargetsInParallel = 1;
				LastSwiftUpdateCheck = 1400;
				LastUpgradeCheck = 1400;
				TargetAttributes = {
					BB79A4FC28DB83B900A08ECE = {
						CreatedOnToolsVersion = 14.0;
					};
				};
			};
			buildConfigurationList = BB79A4F828DB83B900A08ECE /* Build configuration list for PBXProject "ComixLee" */;
			compatibilityVersion = "Xcode 14.0";
			developmentRegion = en;
			hasScannedForEncodings = 0;
			knownRegions = (
				en,
				Base,
			);
			mainGroup = BB79A4F428DB83B900A08ECE;
			packageReferences = (
				BBBE2BE828DD13E900DD7CB4 /* XCRemoteSwiftPackageReference "SDWebImageSwiftUI" */,
			);
			productRefGroup = BB79A4FE28DB83B900A08ECE /* Products */;
			projectDirPath = "";
			projectRoot = "";
			targets = (
				BB79A4FC28DB83B900A08ECE /* ComixLee */,
			);
		};
/* End PBXProject section */

/* Begin PBXResourcesBuildPhase section */
		BB79A4FB28DB83B900A08ECE /* Resources */ = {
			isa = PBXResourcesBuildPhase;
			buildActionMask = 2147483647;
			files = (
				BBFF862828F6891400584E28 /* Miles.mp4 in Resources */,
				BB79A50828DB83BF00A08ECE /* Preview Assets.xcassets in Resources */,
				BB79A50528DB83BF00A08ECE /* Assets.xcassets in Resources */,
			);
			runOnlyForDeploymentPostprocessing = 0;
		};
/* End PBXResourcesBuildPhase section */

/* Begin PBXSourcesBuildPhase section */
		BB79A4F928DB83B900A08ECE /* Sources */ = {
			isa = PBXSourcesBuildPhase;
			buildActionMask = 2147483647;
			files = (
				BB79A50328DB83BA00A08ECE /* ContentView.swift in Sources */,
				BBFD9ED528EEAE8E00B6D830 /* HomeViewModel.swift in Sources */,
				BB79A50128DB83BA00A08ECE /* ComixLeeApp.swift in Sources */,
				BBFD9ED328EEAC3400B6D830 /* Home.swift in Sources */,
				BBFD9ECF28EEAAFD00B6D830 /* Credentials.swift in Sources */,
				BBC915CF28F7F0EE00510CCA /* SettingsView.swift in Sources */,
				BBFD9ED728EEB0D300B6D830 /* CharactersView.swift in Sources */,
				BBFF862628F6542300584E28 /* SettingsModeSwitchView.swift in Sources */,
				BBEDFE4928EE6D0E0001B2B0 /* SplashScreenView.swift in Sources */,
				BBE1557728F10F8B008A83C7 /* Character.swift in Sources */,
				BB5FC50528F879AD00A79136 /* LoopingPlayer.swift in Sources */,
			);
			runOnlyForDeploymentPostprocessing = 0;
		};
/* End PBXSourcesBuildPhase section */

/* Begin XCBuildConfiguration section */
		BB79A50928DB83BF00A08ECE /* Debug */ = {
			isa = XCBuildConfiguration;
			buildSettings = {
				ALWAYS_SEARCH_USER_PATHS = NO;
				CLANG_ANALYZER_NONNULL = YES;
				CLANG_ANALYZER_NUMBER_OBJECT_CONVERSION = YES_AGGRESSIVE;
				CLANG_CXX_LANGUAGE_STANDARD = "gnu++20";
				CLANG_ENABLE_MODULES = YES;
				CLANG_ENABLE_OBJC_ARC = YES;
				CLANG_ENABLE_OBJC_WEAK = YES;
				CLANG_WARN_BLOCK_CAPTURE_AUTORELEASING = YES;
				CLANG_WARN_BOOL_CONVERSION = YES;
				CLANG_WARN_COMMA = YES;
				CLANG_WARN_CONSTANT_CONVERSION = YES;
				CLANG_WARN_DEPRECATED_OBJC_IMPLEMENTATIONS = YES;
				CLANG_WARN_DIRECT_OBJC_ISA_USAGE = YES_ERROR;
				CLANG_WARN_DOCUMENTATION_COMMENTS = YES;
				CLANG_WARN_EMPTY_BODY = YES;
				CLANG_WARN_ENUM_CONVERSION = YES;
				CLANG_WARN_INFINITE_RECURSION = YES;
				CLANG_WARN_INT_CONVERSION = YES;
				CLANG_WARN_NON_LITERAL_NULL_CONVERSION = YES;
				CLANG_WARN_OBJC_IMPLICIT_RETAIN_SELF = YES;
				CLANG_WARN_OBJC_LITERAL_CONVERSION = YES;
				CLANG_WARN_OBJC_ROOT_CLASS = YES_ERROR;
				CLANG_WARN_QUOTED_INCLUDE_IN_FRAMEWORK_HEADER = YES;
				CLANG_WARN_RANGE_LOOP_ANALYSIS = YES;
				CLANG_WARN_STRICT_PROTOTYPES = YES;
				CLANG_WARN_SUSPICIOUS_MOVE = YES;
				CLANG_WARN_UNGUARDED_AVAILABILITY = YES_AGGRESSIVE;
				CLANG_WARN_UNREACHABLE_CODE = YES;
				CLANG_WARN__DUPLICATE_METHOD_MATCH = YES;
				COPY_PHASE_STRIP = NO;
				DEBUG_INFORMATION_FORMAT = dwarf;
				ENABLE_STRICT_OBJC_MSGSEND = YES;
				ENABLE_TESTABILITY = YES;
				GCC_C_LANGUAGE_STANDARD = gnu11;
				GCC_DYNAMIC_NO_PIC = NO;
				GCC_NO_COMMON_BLOCKS = YES;
				GCC_OPTIMIZATION_LEVEL = 0;
				GCC_PREPROCESSOR_DEFINITIONS = (
					"DEBUG=1",
					"$(inherited)",
				);
				GCC_WARN_64_TO_32_BIT_CONVERSION = YES;
				GCC_WARN_ABOUT_RETURN_TYPE = YES_ERROR;
				GCC_WARN_UNDECLARED_SELECTOR = YES;
				GCC_WARN_UNINITIALIZED_AUTOS = YES_AGGRESSIVE;
				GCC_WARN_UNUSED_FUNCTION = YES;
				GCC_WARN_UNUSED_VARIABLE = YES;
				IPHONEOS_DEPLOYMENT_TARGET = 16.0;
				MTL_ENABLE_DEBUG_INFO = INCLUDE_SOURCE;
				MTL_FAST_MATH = YES;
				ONLY_ACTIVE_ARCH = YES;
				SDKROOT = iphoneos;
				SWIFT_ACTIVE_COMPILATION_CONDITIONS = DEBUG;
				SWIFT_OPTIMIZATION_LEVEL = "-Onone";
			};
			name = Debug;
		};
		BB79A50A28DB83BF00A08ECE /* Release */ = {
			isa = XCBuildConfiguration;
			buildSettings = {
				ALWAYS_SEARCH_USER_PATHS = NO;
				CLANG_ANALYZER_NONNULL = YES;
				CLANG_ANALYZER_NUMBER_OBJECT_CONVERSION = YES_AGGRESSIVE;
				CLANG_CXX_LANGUAGE_STANDARD = "gnu++20";
				CLANG_ENABLE_MODULES = YES;
				CLANG_ENABLE_OBJC_ARC = YES;
				CLANG_ENABLE_OBJC_WEAK = YES;
				CLANG_WARN_BLOCK_CAPTURE_AUTORELEASING = YES;
				CLANG_WARN_BOOL_CONVERSION = YES;
				CLANG_WARN_COMMA = YES;
				CLANG_WARN_CONSTANT_CONVERSION = YES;
				CLANG_WARN_DEPRECATED_OBJC_IMPLEMENTATIONS = YES;
				CLANG_WARN_DIRECT_OBJC_ISA_USAGE = YES_ERROR;
				CLANG_WARN_DOCUMENTATION_COMMENTS = YES;
				CLANG_WARN_EMPTY_BODY = YES;
				CLANG_WARN_ENUM_CONVERSION = YES;
				CLANG_WARN_INFINITE_RECURSION = YES;
				CLANG_WARN_INT_CONVERSION = YES;
				CLANG_WARN_NON_LITERAL_NULL_CONVERSION = YES;
				CLANG_WARN_OBJC_IMPLICIT_RETAIN_SELF = YES;
				CLANG_WARN_OBJC_LITERAL_CONVERSION = YES;
				CLANG_WARN_OBJC_ROOT_CLASS = YES_ERROR;
				CLANG_WARN_QUOTED_INCLUDE_IN_FRAMEWORK_HEADER = YES;
				CLANG_WARN_RANGE_LOOP_ANALYSIS = YES;
				CLANG_WARN_STRICT_PROTOTYPES = YES;
				CLANG_WARN_SUSPICIOUS_MOVE = YES;
				CLANG_WARN_UNGUARDED_AVAILABILITY = YES_AGGRESSIVE;
				CLANG_WARN_UNREACHABLE_CODE = YES;
				CLANG_WARN__DUPLICATE_METHOD_MATCH = YES;
				COPY_PHASE_STRIP = NO;
				DEBUG_INFORMATION_FORMAT = "dwarf-with-dsym";
				ENABLE_NS_ASSERTIONS = NO;
				ENABLE_STRICT_OBJC_MSGSEND = YES;
				GCC_C_LANGUAGE_STANDARD = gnu11;
				GCC_NO_COMMON_BLOCKS = YES;
				GCC_WARN_64_TO_32_BIT_CONVERSION = YES;
				GCC_WARN_ABOUT_RETURN_TYPE = YES_ERROR;
				GCC_WARN_UNDECLARED_SELECTOR = YES;
				GCC_WARN_UNINITIALIZED_AUTOS = YES_AGGRESSIVE;
				GCC_WARN_UNUSED_FUNCTION = YES;
				GCC_WARN_UNUSED_VARIABLE = YES;
				IPHONEOS_DEPLOYMENT_TARGET = 16.0;
				MTL_ENABLE_DEBUG_INFO = NO;
				MTL_FAST_MATH = YES;
				SDKROOT = iphoneos;
				SWIFT_COMPILATION_MODE = wholemodule;
				SWIFT_OPTIMIZATION_LEVEL = "-O";
				VALIDATE_PRODUCT = YES;
			};
			name = Release;
		};
		BB79A50C28DB83BF00A08ECE /* Debug */ = {
			isa = XCBuildConfiguration;
			buildSettings = {
				ASSETCATALOG_COMPILER_APPICON_NAME = AppIcon;
				ASSETCATALOG_COMPILER_GLOBAL_ACCENT_COLOR_NAME = AccentColor;
				CODE_SIGN_STYLE = Automatic;
				CURRENT_PROJECT_VERSION = 1;
				DEVELOPMENT_TEAM = N925VK36R7;
				ENABLE_PREVIEWS = YES;
				GENERATE_INFOPLIST_FILE = YES;
				INFOPLIST_KEY_UIApplicationSceneManifest_Generation = YES;
				INFOPLIST_KEY_UIApplicationSupportsIndirectInputEvents = YES;
				INFOPLIST_KEY_UILaunchScreen_Generation = YES;
				INFOPLIST_KEY_UISupportedInterfaceOrientations_iPad = "UIInterfaceOrientationPortrait UIInterfaceOrientationPortraitUpsideDown UIInterfaceOrientationLandscapeLeft UIInterfaceOrientationLandscapeRight";
				INFOPLIST_KEY_UISupportedInterfaceOrientations_iPhone = "UIInterfaceOrientationPortrait UIInterfaceOrientationLandscapeLeft UIInterfaceOrientationLandscapeRight";
				LD_RUNPATH_SEARCH_PATHS = (
					"$(inherited)",
					"@executable_path/Frameworks",
				);
				MARKETING_VERSION = 1.0;
				PRODUCT_BUNDLE_IDENTIFIER = Tebs.ComixLee;
				PRODUCT_NAME = "$(TARGET_NAME)";
				SWIFT_EMIT_LOC_STRINGS = YES;
				SWIFT_VERSION = 5.0;
				TARGETED_DEVICE_FAMILY = "1,2";
			};
			name = Debug;
		};
		BB79A50D28DB83BF00A08ECE /* Release */ = {
			isa = XCBuildConfiguration;
			buildSettings = {
				ASSETCATALOG_COMPILER_APPICON_NAME = AppIcon;
				ASSETCATALOG_COMPILER_GLOBAL_ACCENT_COLOR_NAME = AccentColor;
				CODE_SIGN_STYLE = Automatic;
				CURRENT_PROJECT_VERSION = 1;
				DEVELOPMENT_TEAM = N925VK36R7;
				ENABLE_PREVIEWS = YES;
				GENERATE_INFOPLIST_FILE = YES;
				INFOPLIST_KEY_UIApplicationSceneManifest_Generation = YES;
				INFOPLIST_KEY_UIApplicationSupportsIndirectInputEvents = YES;
				INFOPLIST_KEY_UILaunchScreen_Generation = YES;
				INFOPLIST_KEY_UISupportedInterfaceOrientations_iPad = "UIInterfaceOrientationPortrait UIInterfaceOrientationPortraitUpsideDown UIInterfaceOrientationLandscapeLeft UIInterfaceOrientationLandscapeRight";
				INFOPLIST_KEY_UISupportedInterfaceOrientations_iPhone = "UIInterfaceOrientationPortrait UIInterfaceOrientationLandscapeLeft UIInterfaceOrientationLandscapeRight";
				LD_RUNPATH_SEARCH_PATHS = (
					"$(inherited)",
					"@executable_path/Frameworks",
				);
				MARKETING_VERSION = 1.0;
				PRODUCT_BUNDLE_IDENTIFIER = Tebs.ComixLee;
				PRODUCT_NAME = "$(TARGET_NAME)";
				SWIFT_EMIT_LOC_STRINGS = YES;
				SWIFT_VERSION = 5.0;
				TARGETED_DEVICE_FAMILY = "1,2";
			};
			name = Release;
		};
/* End XCBuildConfiguration section */

/* Begin XCConfigurationList section */
		BB79A4F828DB83B900A08ECE /* Build configuration list for PBXProject "ComixLee" */ = {
			isa = XCConfigurationList;
			buildConfigurations = (
				BB79A50928DB83BF00A08ECE /* Debug */,
				BB79A50A28DB83BF00A08ECE /* Release */,
			);
			defaultConfigurationIsVisible = 0;
			defaultConfigurationName = Release;
		};
		BB79A50B28DB83BF00A08ECE /* Build configuration list for PBXNativeTarget "ComixLee" */ = {
			isa = XCConfigurationList;
			buildConfigurations = (
				BB79A50C28DB83BF00A08ECE /* Debug */,
				BB79A50D28DB83BF00A08ECE /* Release */,
			);
			defaultConfigurationIsVisible = 0;
			defaultConfigurationName = Release;
		};
/* End XCConfigurationList section */

/* Begin XCRemoteSwiftPackageReference section */
		BBBE2BE828DD13E900DD7CB4 /* XCRemoteSwiftPackageReference "SDWebImageSwiftUI" */ = {
			isa = XCRemoteSwiftPackageReference;
			repositoryURL = "https://github.com/SDWebImage/SDWebImageSwiftUI";
			requirement = {
				kind = upToNextMajorVersion;
				minimumVersion = 2.0.0;
			};
		};
/* End XCRemoteSwiftPackageReference section */

/* Begin XCSwiftPackageProductDependency section */
		BBFD9EC928EE83D800B6D830 /* SDWebImageSwiftUI */ = {
			isa = XCSwiftPackageProductDependency;
			package = BBBE2BE828DD13E900DD7CB4 /* XCRemoteSwiftPackageReference "SDWebImageSwiftUI" */;
			productName = SDWebImageSwiftUI;
		};
/* End XCSwiftPackageProductDependency section */
	};
	rootObject = BB79A4F528DB83B900A08ECE /* Project object */;
}
